// !$*UTF8*$!
{
	archiveVersion = 1;
	classes = {
	};
	objectVersion = 56;
	objects = {

/* Begin PBXBuildFile section */
		0607B8E92B8FED39000053CF /* AnnotationItem.swift in Sources */ = {isa = PBXBuildFile; fileRef = 0607B8E82B8FED39000053CF /* AnnotationItem.swift */; };
		0607B8EB2B8FED50000053CF /* AddressResult.swift in Sources */ = {isa = PBXBuildFile; fileRef = 0607B8EA2B8FED50000053CF /* AddressResult.swift */; };
		0607B8ED2B8FEDF7000053CF /* ClearButton.swift in Sources */ = {isa = PBXBuildFile; fileRef = 0607B8EC2B8FEDF7000053CF /* ClearButton.swift */; };
		0607B8EF2B8FEE2C000053CF /* AddressRow.swift in Sources */ = {isa = PBXBuildFile; fileRef = 0607B8EE2B8FEE2C000053CF /* AddressRow.swift */; };
		0607B8F12B8FEE99000053CF /* AddressViewModel.swift in Sources */ = {isa = PBXBuildFile; fileRef = 0607B8F02B8FEE99000053CF /* AddressViewModel.swift */; };
		0607B8F32B9055D5000053CF /* SavePlaceView.swift in Sources */ = {isa = PBXBuildFile; fileRef = 0607B8F22B9055D5000053CF /* SavePlaceView.swift */; };
		06401F2A2B855B080016016A /* Promenade.swift in Sources */ = {isa = PBXBuildFile; fileRef = 06401F292B855B080016016A /* Promenade.swift */; };
		06401F2C2B855B080016016A /* ContentView.swift in Sources */ = {isa = PBXBuildFile; fileRef = 06401F2B2B855B080016016A /* ContentView.swift */; };
		06401F2E2B855B090016016A /* Assets.xcassets in Resources */ = {isa = PBXBuildFile; fileRef = 06401F2D2B855B090016016A /* Assets.xcassets */; };
		06401F312B855B090016016A /* Preview Assets.xcassets in Resources */ = {isa = PBXBuildFile; fileRef = 06401F302B855B090016016A /* Preview Assets.xcassets */; };
		06401F792B855F900016016A /* GoogleLoginView.swift in Sources */ = {isa = PBXBuildFile; fileRef = 06401F782B855F900016016A /* GoogleLoginView.swift */; };
		06401F7F2B8565250016016A /* LoginPageView.swift in Sources */ = {isa = PBXBuildFile; fileRef = 06401F7E2B8565250016016A /* LoginPageView.swift */; };
		06401F812B8567710016016A /* HomePageView.swift in Sources */ = {isa = PBXBuildFile; fileRef = 06401F802B8567710016016A /* HomePageView.swift */; };
		06401F872B8597D30016016A /* ConfirmPageView.swift in Sources */ = {isa = PBXBuildFile; fileRef = 06401F862B8597D30016016A /* ConfirmPageView.swift */; };
		06401F892B8597EB0016016A /* OrderPageView.swift in Sources */ = {isa = PBXBuildFile; fileRef = 06401F882B8597EB0016016A /* OrderPageView.swift */; };
		06401F8D2B8599B90016016A /* GoogleAuthentication.swift in Sources */ = {isa = PBXBuildFile; fileRef = 06401F8C2B8599B90016016A /* GoogleAuthentication.swift */; };
		06401F962B85AE4C0016016A /* BottomNavigation.swift in Sources */ = {isa = PBXBuildFile; fileRef = 06401F952B85AE4C0016016A /* BottomNavigation.swift */; };
		065E74452B928A920036E6CA /* GoogleService-Info.plist in Resources */ = {isa = PBXBuildFile; fileRef = 065E74442B928A920036E6CA /* GoogleService-Info.plist */; };
		065E74472B9291B80036E6CA /* AddressBookViewModel.swift in Sources */ = {isa = PBXBuildFile; fileRef = 065E74462B9291B80036E6CA /* AddressBookViewModel.swift */; };
		06648D6B2B951D4500DC9814 /* LocationManager.swift in Sources */ = {isa = PBXBuildFile; fileRef = 06648D6A2B951D4500DC9814 /* LocationManager.swift */; };
		068D9BC02B863DC100D0F1D6 /* ActivityPageView.swift in Sources */ = {isa = PBXBuildFile; fileRef = 068D9BBF2B863DC100D0F1D6 /* ActivityPageView.swift */; };
		068D9BC22B863DFF00D0F1D6 /* AccountPageView.swift in Sources */ = {isa = PBXBuildFile; fileRef = 068D9BC12B863DFE00D0F1D6 /* AccountPageView.swift */; };
		068D9BC62B86450300D0F1D6 /* SearchBarView.swift in Sources */ = {isa = PBXBuildFile; fileRef = 068D9BC52B86450300D0F1D6 /* SearchBarView.swift */; };
		068D9BC92B86541A00D0F1D6 /* ActivityCard.swift in Sources */ = {isa = PBXBuildFile; fileRef = 068D9BC82B86541A00D0F1D6 /* ActivityCard.swift */; };
		068D9BCC2B86703000D0F1D6 /* LoadUserInfo.swift in Sources */ = {isa = PBXBuildFile; fileRef = 068D9BCB2B86703000D0F1D6 /* LoadUserInfo.swift */; };
		068D9BCE2B868DB600D0F1D6 /* SavedAddressView.swift in Sources */ = {isa = PBXBuildFile; fileRef = 068D9BCD2B868DB600D0F1D6 /* SavedAddressView.swift */; };
		068D9BD02B86964700D0F1D6 /* AddSavedAddress.swift in Sources */ = {isa = PBXBuildFile; fileRef = 068D9BCF2B86964700D0F1D6 /* AddSavedAddress.swift */; };
		06C59CF22B8AD3AB003ED04F /* MapView.swift in Sources */ = {isa = PBXBuildFile; fileRef = 06C59CF12B8AD3AB003ED04F /* MapView.swift */; };
		06E83C612B95769400C51198 /* DestinationSelectionPageView.swift in Sources */ = {isa = PBXBuildFile; fileRef = 931B4E2F2B953C44008211E4 /* DestinationSelectionPageView.swift */; };
		06E83C632B958D6700C51198 /* EditSavedPlace.swift in Sources */ = {isa = PBXBuildFile; fileRef = 06E83C622B958D6700C51198 /* EditSavedPlace.swift */; };
		5A065C342BB35B7600449BC8 /* GIFImageView.swift in Sources */ = {isa = PBXBuildFile; fileRef = 5A065C332BB35B7600449BC8 /* GIFImageView.swift */; };
		5A065C362BB35D4900449BC8 /* logo.gif in Resources */ = {isa = PBXBuildFile; fileRef = 5A065C352BB35D4900449BC8 /* logo.gif */; };
		5A14DECA2BB1FD8700AFC6BD /* FirebaseAuth in Frameworks */ = {isa = PBXBuildFile; productRef = 5A14DEC92BB1FD8700AFC6BD /* FirebaseAuth */; };
		5A14DECC2BB1FD8700AFC6BD /* FirebaseFirestore in Frameworks */ = {isa = PBXBuildFile; productRef = 5A14DECB2BB1FD8700AFC6BD /* FirebaseFirestore */; };
		5A14DECF2BB1FD8F00AFC6BD /* GoogleSignIn in Frameworks */ = {isa = PBXBuildFile; productRef = 5A14DECE2BB1FD8F00AFC6BD /* GoogleSignIn */; };
		5A14DED12BB1FD8F00AFC6BD /* GoogleSignInSwift in Frameworks */ = {isa = PBXBuildFile; productRef = 5A14DED02BB1FD8F00AFC6BD /* GoogleSignInSwift */; };
		5A14DED32BB236D500AFC6BD /* ParseRideOption.swift in Sources */ = {isa = PBXBuildFile; fileRef = 5A14DED22BB236D500AFC6BD /* ParseRideOption.swift */; };
		5A4FAB762BA3E3E0005BDAF3 /* RouteOption.swift in Sources */ = {isa = PBXBuildFile; fileRef = 5A4FAB752BA3E3E0005BDAF3 /* RouteOption.swift */; };
		5A61BDEE2BCF7CED00DB26CB /* MapLocationManager.swift in Sources */ = {isa = PBXBuildFile; fileRef = 5A61BDED2BCF7CED00DB26CB /* MapLocationManager.swift */; };
		5AE36D952BBA49E100C9700A /* DetailView.swift in Sources */ = {isa = PBXBuildFile; fileRef = 5AE36D942BBA49E100C9700A /* DetailView.swift */; };
		5AF09FD92BA3D68A0093F0E1 /* Destination-SelectionSavedAddressView.swift in Sources */ = {isa = PBXBuildFile; fileRef = 5AF09FD82BA3D68A0093F0E1 /* Destination-SelectionSavedAddressView.swift */; };
		934498652BADB3B9006C1374 /* RouteView.swift in Sources */ = {isa = PBXBuildFile; fileRef = 934498642BADB3B9006C1374 /* RouteView.swift */; };
		93BEAEDD2B9552DE004D2761 /* DestinationSelectionResultCell.swift in Sources */ = {isa = PBXBuildFile; fileRef = 93BEAEDC2B9552DE004D2761 /* DestinationSelectionResultCell.swift */; };
		93BEAEDF2B9552E8004D2761 /* RideSelectionView.swift in Sources */ = {isa = PBXBuildFile; fileRef = 93BEAEDE2B9552E8004D2761 /* RideSelectionView.swift */; };
		93BEAEE22B958965004D2761 /* LocationSearchViewModel.swift in Sources */ = {isa = PBXBuildFile; fileRef = 93BEAEE12B958965004D2761 /* LocationSearchViewModel.swift */; };
/* End PBXBuildFile section */

/* Begin PBXFileReference section */
		0607B8E82B8FED39000053CF /* AnnotationItem.swift */ = {isa = PBXFileReference; lastKnownFileType = sourcecode.swift; path = AnnotationItem.swift; sourceTree = "<group>"; };
		0607B8EA2B8FED50000053CF /* AddressResult.swift */ = {isa = PBXFileReference; lastKnownFileType = sourcecode.swift; path = AddressResult.swift; sourceTree = "<group>"; };
		0607B8EC2B8FEDF7000053CF /* ClearButton.swift */ = {isa = PBXFileReference; lastKnownFileType = sourcecode.swift; path = ClearButton.swift; sourceTree = "<group>"; };
		0607B8EE2B8FEE2C000053CF /* AddressRow.swift */ = {isa = PBXFileReference; lastKnownFileType = sourcecode.swift; path = AddressRow.swift; sourceTree = "<group>"; };
		0607B8F02B8FEE99000053CF /* AddressViewModel.swift */ = {isa = PBXFileReference; lastKnownFileType = sourcecode.swift; path = AddressViewModel.swift; sourceTree = "<group>"; };
		0607B8F22B9055D5000053CF /* SavePlaceView.swift */ = {isa = PBXFileReference; lastKnownFileType = sourcecode.swift; path = SavePlaceView.swift; sourceTree = "<group>"; };
		06401F262B855B080016016A /* Frontend.app */ = {isa = PBXFileReference; explicitFileType = wrapper.application; includeInIndex = 0; path = Frontend.app; sourceTree = BUILT_PRODUCTS_DIR; };
		06401F292B855B080016016A /* Promenade.swift */ = {isa = PBXFileReference; lastKnownFileType = sourcecode.swift; path = Promenade.swift; sourceTree = "<group>"; };
		06401F2B2B855B080016016A /* ContentView.swift */ = {isa = PBXFileReference; lastKnownFileType = sourcecode.swift; path = ContentView.swift; sourceTree = "<group>"; };
		06401F2D2B855B090016016A /* Assets.xcassets */ = {isa = PBXFileReference; lastKnownFileType = folder.assetcatalog; path = Assets.xcassets; sourceTree = "<group>"; };
		06401F302B855B090016016A /* Preview Assets.xcassets */ = {isa = PBXFileReference; lastKnownFileType = folder.assetcatalog; path = "Preview Assets.xcassets"; sourceTree = "<group>"; };
		06401F402B855D690016016A /* Info.plist */ = {isa = PBXFileReference; lastKnownFileType = text.plist; path = Info.plist; sourceTree = "<group>"; };
		06401F782B855F900016016A /* GoogleLoginView.swift */ = {isa = PBXFileReference; lastKnownFileType = sourcecode.swift; path = GoogleLoginView.swift; sourceTree = "<group>"; };
		06401F7E2B8565250016016A /* LoginPageView.swift */ = {isa = PBXFileReference; lastKnownFileType = sourcecode.swift; path = LoginPageView.swift; sourceTree = "<group>"; };
		06401F802B8567710016016A /* HomePageView.swift */ = {isa = PBXFileReference; lastKnownFileType = sourcecode.swift; path = HomePageView.swift; sourceTree = "<group>"; };
		06401F862B8597D30016016A /* ConfirmPageView.swift */ = {isa = PBXFileReference; lastKnownFileType = sourcecode.swift; path = ConfirmPageView.swift; sourceTree = "<group>"; };
		06401F882B8597EB0016016A /* OrderPageView.swift */ = {isa = PBXFileReference; lastKnownFileType = sourcecode.swift; path = OrderPageView.swift; sourceTree = "<group>"; };
		06401F8C2B8599B90016016A /* GoogleAuthentication.swift */ = {isa = PBXFileReference; lastKnownFileType = sourcecode.swift; path = GoogleAuthentication.swift; sourceTree = "<group>"; };
		06401F902B85A20C0016016A /* Frontend.entitlements */ = {isa = PBXFileReference; lastKnownFileType = text.plist.entitlements; path = Frontend.entitlements; sourceTree = "<group>"; };
		06401F952B85AE4C0016016A /* BottomNavigation.swift */ = {isa = PBXFileReference; lastKnownFileType = sourcecode.swift; path = BottomNavigation.swift; sourceTree = "<group>"; };
		065E74442B928A920036E6CA /* GoogleService-Info.plist */ = {isa = PBXFileReference; fileEncoding = 4; lastKnownFileType = text.plist.xml; path = "GoogleService-Info.plist"; sourceTree = "<group>"; };
		065E74462B9291B80036E6CA /* AddressBookViewModel.swift */ = {isa = PBXFileReference; lastKnownFileType = sourcecode.swift; path = AddressBookViewModel.swift; sourceTree = "<group>"; };
		06648D6A2B951D4500DC9814 /* LocationManager.swift */ = {isa = PBXFileReference; lastKnownFileType = sourcecode.swift; path = LocationManager.swift; sourceTree = "<group>"; };
		068D9BBF2B863DC100D0F1D6 /* ActivityPageView.swift */ = {isa = PBXFileReference; lastKnownFileType = sourcecode.swift; path = ActivityPageView.swift; sourceTree = "<group>"; };
		068D9BC12B863DFE00D0F1D6 /* AccountPageView.swift */ = {isa = PBXFileReference; lastKnownFileType = sourcecode.swift; path = AccountPageView.swift; sourceTree = "<group>"; };
		068D9BC52B86450300D0F1D6 /* SearchBarView.swift */ = {isa = PBXFileReference; lastKnownFileType = sourcecode.swift; path = SearchBarView.swift; sourceTree = "<group>"; };
		068D9BC82B86541A00D0F1D6 /* ActivityCard.swift */ = {isa = PBXFileReference; lastKnownFileType = sourcecode.swift; path = ActivityCard.swift; sourceTree = "<group>"; };
		068D9BCB2B86703000D0F1D6 /* LoadUserInfo.swift */ = {isa = PBXFileReference; lastKnownFileType = sourcecode.swift; path = LoadUserInfo.swift; sourceTree = "<group>"; };
		068D9BCD2B868DB600D0F1D6 /* SavedAddressView.swift */ = {isa = PBXFileReference; lastKnownFileType = sourcecode.swift; path = SavedAddressView.swift; sourceTree = "<group>"; };
		068D9BCF2B86964700D0F1D6 /* AddSavedAddress.swift */ = {isa = PBXFileReference; lastKnownFileType = sourcecode.swift; path = AddSavedAddress.swift; sourceTree = "<group>"; };
		06C59CF12B8AD3AB003ED04F /* MapView.swift */ = {isa = PBXFileReference; lastKnownFileType = sourcecode.swift; path = MapView.swift; sourceTree = "<group>"; };
		06E83C622B958D6700C51198 /* EditSavedPlace.swift */ = {isa = PBXFileReference; lastKnownFileType = sourcecode.swift; path = EditSavedPlace.swift; sourceTree = "<group>"; };
		5A065C332BB35B7600449BC8 /* GIFImageView.swift */ = {isa = PBXFileReference; lastKnownFileType = sourcecode.swift; path = GIFImageView.swift; sourceTree = "<group>"; };
		5A065C352BB35D4900449BC8 /* logo.gif */ = {isa = PBXFileReference; lastKnownFileType = image.gif; path = logo.gif; sourceTree = "<group>"; };
		5A14DED22BB236D500AFC6BD /* ParseRideOption.swift */ = {isa = PBXFileReference; lastKnownFileType = sourcecode.swift; path = ParseRideOption.swift; sourceTree = "<group>"; };
		5A4FAB752BA3E3E0005BDAF3 /* RouteOption.swift */ = {isa = PBXFileReference; lastKnownFileType = sourcecode.swift; path = RouteOption.swift; sourceTree = "<group>"; };
		5A61BDED2BCF7CED00DB26CB /* MapLocationManager.swift */ = {isa = PBXFileReference; lastKnownFileType = sourcecode.swift; path = MapLocationManager.swift; sourceTree = "<group>"; };
		5AE36D942BBA49E100C9700A /* DetailView.swift */ = {isa = PBXFileReference; lastKnownFileType = sourcecode.swift; path = DetailView.swift; sourceTree = "<group>"; };
		5AF09FD82BA3D68A0093F0E1 /* Destination-SelectionSavedAddressView.swift */ = {isa = PBXFileReference; lastKnownFileType = sourcecode.swift; path = "Destination-SelectionSavedAddressView.swift"; sourceTree = "<group>"; };
		931B4E2F2B953C44008211E4 /* DestinationSelectionPageView.swift */ = {isa = PBXFileReference; lastKnownFileType = sourcecode.swift; path = DestinationSelectionPageView.swift; sourceTree = "<group>"; };
		934498642BADB3B9006C1374 /* RouteView.swift */ = {isa = PBXFileReference; lastKnownFileType = sourcecode.swift; path = RouteView.swift; sourceTree = "<group>"; };
		93BEAEDC2B9552DE004D2761 /* DestinationSelectionResultCell.swift */ = {isa = PBXFileReference; lastKnownFileType = sourcecode.swift; path = DestinationSelectionResultCell.swift; sourceTree = "<group>"; };
		93BEAEDE2B9552E8004D2761 /* RideSelectionView.swift */ = {isa = PBXFileReference; lastKnownFileType = sourcecode.swift; path = RideSelectionView.swift; sourceTree = "<group>"; };
		93BEAEE12B958965004D2761 /* LocationSearchViewModel.swift */ = {isa = PBXFileReference; lastKnownFileType = sourcecode.swift; path = LocationSearchViewModel.swift; sourceTree = "<group>"; };
/* End PBXFileReference section */

/* Begin PBXFrameworksBuildPhase section */
		06401F232B855B080016016A /* Frameworks */ = {
			isa = PBXFrameworksBuildPhase;
			buildActionMask = 2147483647;
			files = (
				5A14DECA2BB1FD8700AFC6BD /* FirebaseAuth in Frameworks */,
				5A14DECC2BB1FD8700AFC6BD /* FirebaseFirestore in Frameworks */,
				5A14DECF2BB1FD8F00AFC6BD /* GoogleSignIn in Frameworks */,
				5A14DED12BB1FD8F00AFC6BD /* GoogleSignInSwift in Frameworks */,
			);
			runOnlyForDeploymentPostprocessing = 0;
		};
/* End PBXFrameworksBuildPhase section */

/* Begin PBXGroup section */
		0607B8E72B8FED23000053CF /* AutoaddressCompletion */ = {
			isa = PBXGroup;
			children = (
				0607B8E82B8FED39000053CF /* AnnotationItem.swift */,
				0607B8EA2B8FED50000053CF /* AddressResult.swift */,
				0607B8EC2B8FEDF7000053CF /* ClearButton.swift */,
				0607B8EE2B8FEE2C000053CF /* AddressRow.swift */,
				0607B8F02B8FEE99000053CF /* AddressViewModel.swift */,
			);
			path = AutoaddressCompletion;
			sourceTree = "<group>";
		};
		06401F1D2B855B080016016A = {
			isa = PBXGroup;
			children = (
				06401F282B855B080016016A /* Frontend */,
				06401F272B855B080016016A /* Products */,
			);
			sourceTree = "<group>";
		};
		06401F272B855B080016016A /* Products */ = {
			isa = PBXGroup;
			children = (
				06401F262B855B080016016A /* Frontend.app */,
			);
			name = Products;
			sourceTree = "<group>";
		};
		06401F282B855B080016016A /* Frontend */ = {
			isa = PBXGroup;
			children = (
				5A065C322BB35B5F00449BC8 /* Loading */,
				93B3571B2B953ED400D6F531 /* Ride-Selection */,
				931B4E2C2B953B22008211E4 /* Destination-Selection */,
				0607B8E72B8FED23000053CF /* AutoaddressCompletion */,
				068D9BCA2B866E4F00D0F1D6 /* AccountPage */,
				068D9BC72B86513800D0F1D6 /* ActivityPage */,
				06401F942B85AE3C0016016A /* HomePage */,
				06401F902B85A20C0016016A /* Frontend.entitlements */,
				06401F402B855D690016016A /* Info.plist */,
				065E74442B928A920036E6CA /* GoogleService-Info.plist */,
				06401F382B855B350016016A /* Pages */,
				06401F372B855B250016016A /* Auth */,
				06401F292B855B080016016A /* Promenade.swift */,
				06401F2B2B855B080016016A /* ContentView.swift */,
				06401F2D2B855B090016016A /* Assets.xcassets */,
				06401F2F2B855B090016016A /* Preview Content */,
			);
			path = Frontend;
			sourceTree = "<group>";
		};
		06401F2F2B855B090016016A /* Preview Content */ = {
			isa = PBXGroup;
			children = (
				06401F302B855B090016016A /* Preview Assets.xcassets */,
			);
			path = "Preview Content";
			sourceTree = "<group>";
		};
		06401F372B855B250016016A /* Auth */ = {
			isa = PBXGroup;
			children = (
				06401F782B855F900016016A /* GoogleLoginView.swift */,
				06401F8C2B8599B90016016A /* GoogleAuthentication.swift */,
			);
			path = Auth;
			sourceTree = "<group>";
		};
		06401F382B855B350016016A /* Pages */ = {
			isa = PBXGroup;
			children = (
				068D9BBF2B863DC100D0F1D6 /* ActivityPageView.swift */,
				068D9BC12B863DFE00D0F1D6 /* AccountPageView.swift */,
				06401F7E2B8565250016016A /* LoginPageView.swift */,
				06401F802B8567710016016A /* HomePageView.swift */,
				06401F862B8597D30016016A /* ConfirmPageView.swift */,
				06401F882B8597EB0016016A /* OrderPageView.swift */,
			);
			path = Pages;
			sourceTree = "<group>";
		};
		06401F942B85AE3C0016016A /* HomePage */ = {
			isa = PBXGroup;
			children = (
				06401F952B85AE4C0016016A /* BottomNavigation.swift */,
				068D9BC52B86450300D0F1D6 /* SearchBarView.swift */,
				06648D6A2B951D4500DC9814 /* LocationManager.swift */,
				06C59CF12B8AD3AB003ED04F /* MapView.swift */,
				5A61BDED2BCF7CED00DB26CB /* MapLocationManager.swift */,
			);
			path = HomePage;
			sourceTree = "<group>";
		};
		068D9BC72B86513800D0F1D6 /* ActivityPage */ = {
			isa = PBXGroup;
			children = (
				068D9BC82B86541A00D0F1D6 /* ActivityCard.swift */,
				5AE36D942BBA49E100C9700A /* DetailView.swift */,
			);
			path = ActivityPage;
			sourceTree = "<group>";
		};
		068D9BCA2B866E4F00D0F1D6 /* AccountPage */ = {
			isa = PBXGroup;
			children = (
				068D9BCB2B86703000D0F1D6 /* LoadUserInfo.swift */,
				068D9BCD2B868DB600D0F1D6 /* SavedAddressView.swift */,
				068D9BCF2B86964700D0F1D6 /* AddSavedAddress.swift */,
				0607B8F22B9055D5000053CF /* SavePlaceView.swift */,
				065E74462B9291B80036E6CA /* AddressBookViewModel.swift */,
				06E83C622B958D6700C51198 /* EditSavedPlace.swift */,
			);
			path = AccountPage;
			sourceTree = "<group>";
		};
		5A065C322BB35B5F00449BC8 /* Loading */ = {
			isa = PBXGroup;
			children = (
				5A065C332BB35B7600449BC8 /* GIFImageView.swift */,
				5A065C352BB35D4900449BC8 /* logo.gif */,
			);
			path = Loading;
			sourceTree = "<group>";
		};
		931B4E2C2B953B22008211E4 /* Destination-Selection */ = {
			isa = PBXGroup;
			children = (
				931B4E2F2B953C44008211E4 /* DestinationSelectionPageView.swift */,
				93BEAEDC2B9552DE004D2761 /* DestinationSelectionResultCell.swift */,
				93BEAEE12B958965004D2761 /* LocationSearchViewModel.swift */,
				5AF09FD82BA3D68A0093F0E1 /* Destination-SelectionSavedAddressView.swift */,
			);
			path = "Destination-Selection";
			sourceTree = "<group>";
		};
		93B3571B2B953ED400D6F531 /* Ride-Selection */ = {
			isa = PBXGroup;
			children = (
				93BEAEDE2B9552E8004D2761 /* RideSelectionView.swift */,
				5A4FAB752BA3E3E0005BDAF3 /* RouteOption.swift */,
				934498642BADB3B9006C1374 /* RouteView.swift */,
				5A14DED22BB236D500AFC6BD /* ParseRideOption.swift */,
			);
			path = "Ride-Selection";
			sourceTree = "<group>";
		};
/* End PBXGroup section */

/* Begin PBXNativeTarget section */
		06401F252B855B080016016A /* Frontend */ = {
			isa = PBXNativeTarget;
			buildConfigurationList = 06401F342B855B090016016A /* Build configuration list for PBXNativeTarget "Frontend" */;
			buildPhases = (
				06401F222B855B080016016A /* Sources */,
				06401F232B855B080016016A /* Frameworks */,
				06401F242B855B080016016A /* Resources */,
			);
			buildRules = (
			);
			dependencies = (
			);
			name = Frontend;
			packageProductDependencies = (
				5A14DEC92BB1FD8700AFC6BD /* FirebaseAuth */,
				5A14DECB2BB1FD8700AFC6BD /* FirebaseFirestore */,
				5A14DECE2BB1FD8F00AFC6BD /* GoogleSignIn */,
				5A14DED02BB1FD8F00AFC6BD /* GoogleSignInSwift */,
			);
			productName = Frontend;
			productReference = 06401F262B855B080016016A /* Frontend.app */;
			productType = "com.apple.product-type.application";
		};
/* End PBXNativeTarget section */

/* Begin PBXProject section */
		06401F1E2B855B080016016A /* Project object */ = {
			isa = PBXProject;
			attributes = {
				BuildIndependentTargetsInParallel = 1;
				LastSwiftUpdateCheck = 1520;
				LastUpgradeCheck = 1520;
				TargetAttributes = {
					06401F252B855B080016016A = {
						CreatedOnToolsVersion = 15.2;
					};
				};
			};
			buildConfigurationList = 06401F212B855B080016016A /* Build configuration list for PBXProject "Frontend" */;
			compatibilityVersion = "Xcode 14.0";
			developmentRegion = en;
			hasScannedForEncodings = 0;
			knownRegions = (
				en,
				Base,
			);
			mainGroup = 06401F1D2B855B080016016A;
			packageReferences = (
				5A14DEC82BB1FD8700AFC6BD /* XCRemoteSwiftPackageReference "firebase-ios-sdk" */,
				5A14DECD2BB1FD8F00AFC6BD /* XCRemoteSwiftPackageReference "GoogleSignIn-iOS" */,
			);
			productRefGroup = 06401F272B855B080016016A /* Products */;
			projectDirPath = "";
			projectRoot = "";
			targets = (
				06401F252B855B080016016A /* Frontend */,
			);
		};
/* End PBXProject section */

/* Begin PBXResourcesBuildPhase section */
		06401F242B855B080016016A /* Resources */ = {
			isa = PBXResourcesBuildPhase;
			buildActionMask = 2147483647;
			files = (
				06401F312B855B090016016A /* Preview Assets.xcassets in Resources */,
				5A065C362BB35D4900449BC8 /* logo.gif in Resources */,
				06401F2E2B855B090016016A /* Assets.xcassets in Resources */,
				065E74452B928A920036E6CA /* GoogleService-Info.plist in Resources */,
			);
			runOnlyForDeploymentPostprocessing = 0;
		};
/* End PBXResourcesBuildPhase section */

/* Begin PBXSourcesBuildPhase section */
		06401F222B855B080016016A /* Sources */ = {
			isa = PBXSourcesBuildPhase;
			buildActionMask = 2147483647;
			files = (
				06401F8D2B8599B90016016A /* GoogleAuthentication.swift in Sources */,
				5AE36D952BBA49E100C9700A /* DetailView.swift in Sources */,
				06401F2C2B855B080016016A /* ContentView.swift in Sources */,
				5A14DED32BB236D500AFC6BD /* ParseRideOption.swift in Sources */,
				06401F962B85AE4C0016016A /* BottomNavigation.swift in Sources */,
				93BEAEE22B958965004D2761 /* LocationSearchViewModel.swift in Sources */,
				5A065C342BB35B7600449BC8 /* GIFImageView.swift in Sources */,
				06E83C632B958D6700C51198 /* EditSavedPlace.swift in Sources */,
				068D9BC62B86450300D0F1D6 /* SearchBarView.swift in Sources */,
				06401F892B8597EB0016016A /* OrderPageView.swift in Sources */,
				068D9BCC2B86703000D0F1D6 /* LoadUserInfo.swift in Sources */,
				06401F2A2B855B080016016A /* Promenade.swift in Sources */,
				065E74472B9291B80036E6CA /* AddressBookViewModel.swift in Sources */,
				068D9BC02B863DC100D0F1D6 /* ActivityPageView.swift in Sources */,
				068D9BC92B86541A00D0F1D6 /* ActivityCard.swift in Sources */,
				0607B8ED2B8FEDF7000053CF /* ClearButton.swift in Sources */,
				5A4FAB762BA3E3E0005BDAF3 /* RouteOption.swift in Sources */,
				0607B8EB2B8FED50000053CF /* AddressResult.swift in Sources */,
				06401F792B855F900016016A /* GoogleLoginView.swift in Sources */,
				5A61BDEE2BCF7CED00DB26CB /* MapLocationManager.swift in Sources */,
				5AF09FD92BA3D68A0093F0E1 /* Destination-SelectionSavedAddressView.swift in Sources */,
				068D9BC22B863DFF00D0F1D6 /* AccountPageView.swift in Sources */,
				06E83C612B95769400C51198 /* DestinationSelectionPageView.swift in Sources */,
				934498652BADB3B9006C1374 /* RouteView.swift in Sources */,
				068D9BCE2B868DB600D0F1D6 /* SavedAddressView.swift in Sources */,
				06401F7F2B8565250016016A /* LoginPageView.swift in Sources */,
				0607B8EF2B8FEE2C000053CF /* AddressRow.swift in Sources */,
				06401F872B8597D30016016A /* ConfirmPageView.swift in Sources */,
				93BEAEDF2B9552E8004D2761 /* RideSelectionView.swift in Sources */,
				06C59CF22B8AD3AB003ED04F /* MapView.swift in Sources */,
				068D9BD02B86964700D0F1D6 /* AddSavedAddress.swift in Sources */,
				06401F812B8567710016016A /* HomePageView.swift in Sources */,
				0607B8F12B8FEE99000053CF /* AddressViewModel.swift in Sources */,
				0607B8E92B8FED39000053CF /* AnnotationItem.swift in Sources */,
				93BEAEDD2B9552DE004D2761 /* DestinationSelectionResultCell.swift in Sources */,
				0607B8F32B9055D5000053CF /* SavePlaceView.swift in Sources */,
				06648D6B2B951D4500DC9814 /* LocationManager.swift in Sources */,
			);
			runOnlyForDeploymentPostprocessing = 0;
		};
/* End PBXSourcesBuildPhase section */

/* Begin XCBuildConfiguration section */
		06401F322B855B090016016A /* Debug */ = {
			isa = XCBuildConfiguration;
			buildSettings = {
				ALWAYS_SEARCH_USER_PATHS = NO;
				ASSETCATALOG_COMPILER_GENERATE_SWIFT_ASSET_SYMBOL_EXTENSIONS = YES;
				CLANG_ANALYZER_NONNULL = YES;
				CLANG_ANALYZER_NUMBER_OBJECT_CONVERSION = YES_AGGRESSIVE;
				CLANG_CXX_LANGUAGE_STANDARD = "gnu++20";
				CLANG_ENABLE_MODULES = YES;
				CLANG_ENABLE_OBJC_ARC = YES;
				CLANG_ENABLE_OBJC_WEAK = YES;
				CLANG_WARN_BLOCK_CAPTURE_AUTORELEASING = YES;
				CLANG_WARN_BOOL_CONVERSION = YES;
				CLANG_WARN_COMMA = YES;
				CLANG_WARN_CONSTANT_CONVERSION = YES;
				CLANG_WARN_DEPRECATED_OBJC_IMPLEMENTATIONS = YES;
				CLANG_WARN_DIRECT_OBJC_ISA_USAGE = YES_ERROR;
				CLANG_WARN_DOCUMENTATION_COMMENTS = YES;
				CLANG_WARN_EMPTY_BODY = YES;
				CLANG_WARN_ENUM_CONVERSION = YES;
				CLANG_WARN_INFINITE_RECURSION = YES;
				CLANG_WARN_INT_CONVERSION = YES;
				CLANG_WARN_NON_LITERAL_NULL_CONVERSION = YES;
				CLANG_WARN_OBJC_IMPLICIT_RETAIN_SELF = YES;
				CLANG_WARN_OBJC_LITERAL_CONVERSION = YES;
				CLANG_WARN_OBJC_ROOT_CLASS = YES_ERROR;
				CLANG_WARN_QUOTED_INCLUDE_IN_FRAMEWORK_HEADER = YES;
				CLANG_WARN_RANGE_LOOP_ANALYSIS = YES;
				CLANG_WARN_STRICT_PROTOTYPES = YES;
				CLANG_WARN_SUSPICIOUS_MOVE = YES;
				CLANG_WARN_UNGUARDED_AVAILABILITY = YES_AGGRESSIVE;
				CLANG_WARN_UNREACHABLE_CODE = YES;
				CLANG_WARN__DUPLICATE_METHOD_MATCH = YES;
				COPY_PHASE_STRIP = NO;
				DEBUG_INFORMATION_FORMAT = dwarf;
				ENABLE_STRICT_OBJC_MSGSEND = YES;
				ENABLE_TESTABILITY = YES;
				ENABLE_USER_SCRIPT_SANDBOXING = YES;
				GCC_C_LANGUAGE_STANDARD = gnu17;
				GCC_DYNAMIC_NO_PIC = NO;
				GCC_NO_COMMON_BLOCKS = YES;
				GCC_OPTIMIZATION_LEVEL = 0;
				GCC_PREPROCESSOR_DEFINITIONS = (
					"DEBUG=1",
					"$(inherited)",
				);
				GCC_WARN_64_TO_32_BIT_CONVERSION = YES;
				GCC_WARN_ABOUT_RETURN_TYPE = YES_ERROR;
				GCC_WARN_UNDECLARED_SELECTOR = YES;
				GCC_WARN_UNINITIALIZED_AUTOS = YES_AGGRESSIVE;
				GCC_WARN_UNUSED_FUNCTION = YES;
				GCC_WARN_UNUSED_VARIABLE = YES;
				IPHONEOS_DEPLOYMENT_TARGET = 17.2;
				LOCALIZATION_PREFERS_STRING_CATALOGS = YES;
				MTL_ENABLE_DEBUG_INFO = INCLUDE_SOURCE;
				MTL_FAST_MATH = YES;
				ONLY_ACTIVE_ARCH = YES;
				SDKROOT = iphoneos;
				SWIFT_ACTIVE_COMPILATION_CONDITIONS = "DEBUG $(inherited)";
				SWIFT_OPTIMIZATION_LEVEL = "-Onone";
			};
			name = Debug;
		};
		06401F332B855B090016016A /* Release */ = {
			isa = XCBuildConfiguration;
			buildSettings = {
				ALWAYS_SEARCH_USER_PATHS = NO;
				ASSETCATALOG_COMPILER_GENERATE_SWIFT_ASSET_SYMBOL_EXTENSIONS = YES;
				CLANG_ANALYZER_NONNULL = YES;
				CLANG_ANALYZER_NUMBER_OBJECT_CONVERSION = YES_AGGRESSIVE;
				CLANG_CXX_LANGUAGE_STANDARD = "gnu++20";
				CLANG_ENABLE_MODULES = YES;
				CLANG_ENABLE_OBJC_ARC = YES;
				CLANG_ENABLE_OBJC_WEAK = YES;
				CLANG_WARN_BLOCK_CAPTURE_AUTORELEASING = YES;
				CLANG_WARN_BOOL_CONVERSION = YES;
				CLANG_WARN_COMMA = YES;
				CLANG_WARN_CONSTANT_CONVERSION = YES;
				CLANG_WARN_DEPRECATED_OBJC_IMPLEMENTATIONS = YES;
				CLANG_WARN_DIRECT_OBJC_ISA_USAGE = YES_ERROR;
				CLANG_WARN_DOCUMENTATION_COMMENTS = YES;
				CLANG_WARN_EMPTY_BODY = YES;
				CLANG_WARN_ENUM_CONVERSION = YES;
				CLANG_WARN_INFINITE_RECURSION = YES;
				CLANG_WARN_INT_CONVERSION = YES;
				CLANG_WARN_NON_LITERAL_NULL_CONVERSION = YES;
				CLANG_WARN_OBJC_IMPLICIT_RETAIN_SELF = YES;
				CLANG_WARN_OBJC_LITERAL_CONVERSION = YES;
				CLANG_WARN_OBJC_ROOT_CLASS = YES_ERROR;
				CLANG_WARN_QUOTED_INCLUDE_IN_FRAMEWORK_HEADER = YES;
				CLANG_WARN_RANGE_LOOP_ANALYSIS = YES;
				CLANG_WARN_STRICT_PROTOTYPES = YES;
				CLANG_WARN_SUSPICIOUS_MOVE = YES;
				CLANG_WARN_UNGUARDED_AVAILABILITY = YES_AGGRESSIVE;
				CLANG_WARN_UNREACHABLE_CODE = YES;
				CLANG_WARN__DUPLICATE_METHOD_MATCH = YES;
				COPY_PHASE_STRIP = NO;
				DEBUG_INFORMATION_FORMAT = "dwarf-with-dsym";
				ENABLE_NS_ASSERTIONS = NO;
				ENABLE_STRICT_OBJC_MSGSEND = YES;
				ENABLE_USER_SCRIPT_SANDBOXING = YES;
				GCC_C_LANGUAGE_STANDARD = gnu17;
				GCC_NO_COMMON_BLOCKS = YES;
				GCC_WARN_64_TO_32_BIT_CONVERSION = YES;
				GCC_WARN_ABOUT_RETURN_TYPE = YES_ERROR;
				GCC_WARN_UNDECLARED_SELECTOR = YES;
				GCC_WARN_UNINITIALIZED_AUTOS = YES_AGGRESSIVE;
				GCC_WARN_UNUSED_FUNCTION = YES;
				GCC_WARN_UNUSED_VARIABLE = YES;
				IPHONEOS_DEPLOYMENT_TARGET = 17.2;
				LOCALIZATION_PREFERS_STRING_CATALOGS = YES;
				MTL_ENABLE_DEBUG_INFO = NO;
				MTL_FAST_MATH = YES;
				SDKROOT = iphoneos;
				SWIFT_COMPILATION_MODE = wholemodule;
				VALIDATE_PRODUCT = YES;
			};
			name = Release;
		};
		06401F352B855B090016016A /* Debug */ = {
			isa = XCBuildConfiguration;
			buildSettings = {
				ASSETCATALOG_COMPILER_APPICON_NAME = AppIcon;
				ASSETCATALOG_COMPILER_GLOBAL_ACCENT_COLOR_NAME = AccentColor;
				CODE_SIGN_ENTITLEMENTS = Frontend/Frontend.entitlements;
				CODE_SIGN_IDENTITY = "Apple Development";
				CODE_SIGN_STYLE = Automatic;
				CURRENT_PROJECT_VERSION = 1;
				DEVELOPMENT_ASSET_PATHS = "\"Frontend/Preview Content\"";
				DEVELOPMENT_TEAM = 7R72J9KMZA;
				ENABLE_PREVIEWS = YES;
				GENERATE_INFOPLIST_FILE = YES;
				INFOPLIST_FILE = Frontend/Info.plist;
				INFOPLIST_KEY_NSLocationAlwaysAndWhenInUseUsageDescription = "";
				INFOPLIST_KEY_NSLocationWhenInUseUsageDescription = "";
				INFOPLIST_KEY_UIApplicationSceneManifest_Generation = YES;
				INFOPLIST_KEY_UIApplicationSupportsIndirectInputEvents = YES;
				INFOPLIST_KEY_UILaunchScreen_Generation = YES;
				INFOPLIST_KEY_UISupportedInterfaceOrientations_iPad = "UIInterfaceOrientationPortrait UIInterfaceOrientationPortraitUpsideDown UIInterfaceOrientationLandscapeLeft UIInterfaceOrientationLandscapeRight";
				INFOPLIST_KEY_UISupportedInterfaceOrientations_iPhone = "UIInterfaceOrientationPortrait UIInterfaceOrientationLandscapeLeft UIInterfaceOrientationLandscapeRight";
				LD_RUNPATH_SEARCH_PATHS = (
					"$(inherited)",
					"@executable_path/Frameworks",
				);
				MARKETING_VERSION = 1.0;
				PRODUCT_BUNDLE_IDENTIFIER = tamu.Promenade.Frontend;
				PRODUCT_NAME = "$(TARGET_NAME)";
				PROVISIONING_PROFILE_SPECIFIER = "";
				SWIFT_EMIT_LOC_STRINGS = YES;
				SWIFT_VERSION = 5.0;
				TARGETED_DEVICE_FAMILY = "1,2";
			};
			name = Debug;
		};
		06401F362B855B090016016A /* Release */ = {
			isa = XCBuildConfiguration;
			buildSettings = {
				ASSETCATALOG_COMPILER_APPICON_NAME = AppIcon;
				ASSETCATALOG_COMPILER_GLOBAL_ACCENT_COLOR_NAME = AccentColor;
				CODE_SIGN_ENTITLEMENTS = Frontend/Frontend.entitlements;
				CODE_SIGN_IDENTITY = "Apple Development";
				CODE_SIGN_STYLE = Automatic;
				CURRENT_PROJECT_VERSION = 1;
				DEVELOPMENT_ASSET_PATHS = "\"Frontend/Preview Content\"";
				DEVELOPMENT_TEAM = R5ZBNJ6NQ9;
				ENABLE_PREVIEWS = YES;
				GENERATE_INFOPLIST_FILE = YES;
				INFOPLIST_FILE = Frontend/Info.plist;
				INFOPLIST_KEY_NSLocationAlwaysAndWhenInUseUsageDescription = "";
				INFOPLIST_KEY_NSLocationWhenInUseUsageDescription = "";
				INFOPLIST_KEY_UIApplicationSceneManifest_Generation = YES;
				INFOPLIST_KEY_UIApplicationSupportsIndirectInputEvents = YES;
				INFOPLIST_KEY_UILaunchScreen_Generation = YES;
				INFOPLIST_KEY_UISupportedInterfaceOrientations_iPad = "UIInterfaceOrientationPortrait UIInterfaceOrientationPortraitUpsideDown UIInterfaceOrientationLandscapeLeft UIInterfaceOrientationLandscapeRight";
				INFOPLIST_KEY_UISupportedInterfaceOrientations_iPhone = "UIInterfaceOrientationPortrait UIInterfaceOrientationLandscapeLeft UIInterfaceOrientationLandscapeRight";
				LD_RUNPATH_SEARCH_PATHS = (
					"$(inherited)",
					"@executable_path/Frameworks",
				);
				MARKETING_VERSION = 1.0;
				PRODUCT_BUNDLE_IDENTIFIER = tamu.Promenade.Frontend;
				PRODUCT_NAME = "$(TARGET_NAME)";
				PROVISIONING_PROFILE_SPECIFIER = "";
				SWIFT_EMIT_LOC_STRINGS = YES;
				SWIFT_VERSION = 5.0;
				TARGETED_DEVICE_FAMILY = "1,2";
			};
			name = Release;
		};
/* End XCBuildConfiguration section */

/* Begin XCConfigurationList section */
		06401F212B855B080016016A /* Build configuration list for PBXProject "Frontend" */ = {
			isa = XCConfigurationList;
			buildConfigurations = (
				06401F322B855B090016016A /* Debug */,
				06401F332B855B090016016A /* Release */,
			);
			defaultConfigurationIsVisible = 0;
			defaultConfigurationName = Release;
		};
		06401F342B855B090016016A /* Build configuration list for PBXNativeTarget "Frontend" */ = {
			isa = XCConfigurationList;
			buildConfigurations = (
				06401F352B855B090016016A /* Debug */,
				06401F362B855B090016016A /* Release */,
			);
			defaultConfigurationIsVisible = 0;
			defaultConfigurationName = Release;
		};
/* End XCConfigurationList section */

/* Begin XCRemoteSwiftPackageReference section */
		5A14DEC82BB1FD8700AFC6BD /* XCRemoteSwiftPackageReference "firebase-ios-sdk" */ = {
			isa = XCRemoteSwiftPackageReference;
			repositoryURL = "https://github.com/firebase/firebase-ios-sdk.git";
			requirement = {
				kind = upToNextMajorVersion;
				minimumVersion = 10.23.0;
			};
		};
		5A14DECD2BB1FD8F00AFC6BD /* XCRemoteSwiftPackageReference "GoogleSignIn-iOS" */ = {
			isa = XCRemoteSwiftPackageReference;
			repositoryURL = "https://github.com/google/GoogleSignIn-iOS";
			requirement = {
				kind = upToNextMajorVersion;
				minimumVersion = 7.0.0;
			};
		};
/* End XCRemoteSwiftPackageReference section */

/* Begin XCSwiftPackageProductDependency section */
		5A14DEC92BB1FD8700AFC6BD /* FirebaseAuth */ = {
			isa = XCSwiftPackageProductDependency;
			package = 5A14DEC82BB1FD8700AFC6BD /* XCRemoteSwiftPackageReference "firebase-ios-sdk" */;
			productName = FirebaseAuth;
		};
		5A14DECB2BB1FD8700AFC6BD /* FirebaseFirestore */ = {
			isa = XCSwiftPackageProductDependency;
			package = 5A14DEC82BB1FD8700AFC6BD /* XCRemoteSwiftPackageReference "firebase-ios-sdk" */;
			productName = FirebaseFirestore;
		};
		5A14DECE2BB1FD8F00AFC6BD /* GoogleSignIn */ = {
			isa = XCSwiftPackageProductDependency;
			package = 5A14DECD2BB1FD8F00AFC6BD /* XCRemoteSwiftPackageReference "GoogleSignIn-iOS" */;
			productName = GoogleSignIn;
		};
		5A14DED02BB1FD8F00AFC6BD /* GoogleSignInSwift */ = {
			isa = XCSwiftPackageProductDependency;
			package = 5A14DECD2BB1FD8F00AFC6BD /* XCRemoteSwiftPackageReference "GoogleSignIn-iOS" */;
			productName = GoogleSignInSwift;
		};
/* End XCSwiftPackageProductDependency section */
	};
	rootObject = 06401F1E2B855B080016016A /* Project object */;
}
