// !$*UTF8*$!
{
	archiveVersion = 1;
	classes = {
	};
	objectVersion = 56;
	objects = {

/* Begin PBXBuildFile section */
		06401F2A2B855B080016016A /* Promenade.swift in Sources */ = {isa = PBXBuildFile; fileRef = 06401F292B855B080016016A /* Promenade.swift */; };
		06401F2C2B855B080016016A /* ContentView.swift in Sources */ = {isa = PBXBuildFile; fileRef = 06401F2B2B855B080016016A /* ContentView.swift */; };
		06401F2E2B855B090016016A /* Assets.xcassets in Resources */ = {isa = PBXBuildFile; fileRef = 06401F2D2B855B090016016A /* Assets.xcassets */; };
		06401F312B855B090016016A /* Preview Assets.xcassets in Resources */ = {isa = PBXBuildFile; fileRef = 06401F302B855B090016016A /* Preview Assets.xcassets */; };
		06401F3B2B855CE90016016A /* GoogleSignIn in Frameworks */ = {isa = PBXBuildFile; productRef = 06401F3A2B855CE90016016A /* GoogleSignIn */; };
		06401F3D2B855CE90016016A /* GoogleSignInSwift in Frameworks */ = {isa = PBXBuildFile; productRef = 06401F3C2B855CE90016016A /* GoogleSignInSwift */; };
		06401F432B855F010016016A /* FirebaseAnalytics in Frameworks */ = {isa = PBXBuildFile; productRef = 06401F422B855F010016016A /* FirebaseAnalytics */; };
		06401F452B855F010016016A /* FirebaseAnalyticsOnDeviceConversion in Frameworks */ = {isa = PBXBuildFile; productRef = 06401F442B855F010016016A /* FirebaseAnalyticsOnDeviceConversion */; };
		06401F472B855F010016016A /* FirebaseAnalyticsSwift in Frameworks */ = {isa = PBXBuildFile; productRef = 06401F462B855F010016016A /* FirebaseAnalyticsSwift */; };
		06401F492B855F010016016A /* FirebaseAnalyticsWithoutAdIdSupport in Frameworks */ = {isa = PBXBuildFile; productRef = 06401F482B855F010016016A /* FirebaseAnalyticsWithoutAdIdSupport */; };
		06401F4B2B855F010016016A /* FirebaseAppCheck in Frameworks */ = {isa = PBXBuildFile; productRef = 06401F4A2B855F010016016A /* FirebaseAppCheck */; };
		06401F4D2B855F010016016A /* FirebaseAppDistribution-Beta in Frameworks */ = {isa = PBXBuildFile; productRef = 06401F4C2B855F010016016A /* FirebaseAppDistribution-Beta */; };
		06401F4F2B855F010016016A /* FirebaseAuth in Frameworks */ = {isa = PBXBuildFile; productRef = 06401F4E2B855F010016016A /* FirebaseAuth */; };
		06401F512B855F010016016A /* FirebaseAuthCombine-Community in Frameworks */ = {isa = PBXBuildFile; productRef = 06401F502B855F010016016A /* FirebaseAuthCombine-Community */; };
		06401F532B855F010016016A /* FirebaseCrashlytics in Frameworks */ = {isa = PBXBuildFile; productRef = 06401F522B855F010016016A /* FirebaseCrashlytics */; };
		06401F552B855F010016016A /* FirebaseDatabase in Frameworks */ = {isa = PBXBuildFile; productRef = 06401F542B855F010016016A /* FirebaseDatabase */; };
		06401F572B855F010016016A /* FirebaseDatabaseSwift in Frameworks */ = {isa = PBXBuildFile; productRef = 06401F562B855F010016016A /* FirebaseDatabaseSwift */; };
		06401F592B855F010016016A /* FirebaseDynamicLinks in Frameworks */ = {isa = PBXBuildFile; productRef = 06401F582B855F010016016A /* FirebaseDynamicLinks */; };
		06401F5B2B855F010016016A /* FirebaseFirestore in Frameworks */ = {isa = PBXBuildFile; productRef = 06401F5A2B855F010016016A /* FirebaseFirestore */; };
		06401F5D2B855F010016016A /* FirebaseFirestoreCombine-Community in Frameworks */ = {isa = PBXBuildFile; productRef = 06401F5C2B855F010016016A /* FirebaseFirestoreCombine-Community */; };
		06401F5F2B855F010016016A /* FirebaseFirestoreSwift in Frameworks */ = {isa = PBXBuildFile; productRef = 06401F5E2B855F010016016A /* FirebaseFirestoreSwift */; };
		06401F612B855F010016016A /* FirebaseFunctions in Frameworks */ = {isa = PBXBuildFile; productRef = 06401F602B855F010016016A /* FirebaseFunctions */; };
		06401F632B855F010016016A /* FirebaseFunctionsCombine-Community in Frameworks */ = {isa = PBXBuildFile; productRef = 06401F622B855F010016016A /* FirebaseFunctionsCombine-Community */; };
		06401F652B855F010016016A /* FirebaseInAppMessaging-Beta in Frameworks */ = {isa = PBXBuildFile; productRef = 06401F642B855F010016016A /* FirebaseInAppMessaging-Beta */; };
		06401F672B855F010016016A /* FirebaseInAppMessagingSwift-Beta in Frameworks */ = {isa = PBXBuildFile; productRef = 06401F662B855F010016016A /* FirebaseInAppMessagingSwift-Beta */; };
		06401F692B855F010016016A /* FirebaseInstallations in Frameworks */ = {isa = PBXBuildFile; productRef = 06401F682B855F010016016A /* FirebaseInstallations */; };
		06401F6B2B855F010016016A /* FirebaseMLModelDownloader in Frameworks */ = {isa = PBXBuildFile; productRef = 06401F6A2B855F010016016A /* FirebaseMLModelDownloader */; };
		06401F6D2B855F020016016A /* FirebaseMessaging in Frameworks */ = {isa = PBXBuildFile; productRef = 06401F6C2B855F020016016A /* FirebaseMessaging */; };
		06401F6F2B855F020016016A /* FirebasePerformance in Frameworks */ = {isa = PBXBuildFile; productRef = 06401F6E2B855F020016016A /* FirebasePerformance */; };
		06401F712B855F020016016A /* FirebaseRemoteConfig in Frameworks */ = {isa = PBXBuildFile; productRef = 06401F702B855F020016016A /* FirebaseRemoteConfig */; };
		06401F732B855F020016016A /* FirebaseRemoteConfigSwift in Frameworks */ = {isa = PBXBuildFile; productRef = 06401F722B855F020016016A /* FirebaseRemoteConfigSwift */; };
		06401F752B855F020016016A /* FirebaseStorage in Frameworks */ = {isa = PBXBuildFile; productRef = 06401F742B855F020016016A /* FirebaseStorage */; };
		06401F772B855F020016016A /* FirebaseStorageCombine-Community in Frameworks */ = {isa = PBXBuildFile; productRef = 06401F762B855F020016016A /* FirebaseStorageCombine-Community */; };
		06401F792B855F900016016A /* GoogleLoginView.swift in Sources */ = {isa = PBXBuildFile; fileRef = 06401F782B855F900016016A /* GoogleLoginView.swift */; };
		06401F7D2B8561530016016A /* GoogleService-Info.plist in Resources */ = {isa = PBXBuildFile; fileRef = 06401F7C2B8561530016016A /* GoogleService-Info.plist */; };
		06401F7F2B8565250016016A /* LoginPageView.swift in Sources */ = {isa = PBXBuildFile; fileRef = 06401F7E2B8565250016016A /* LoginPageView.swift */; };
		06401F812B8567710016016A /* HomePageView.swift in Sources */ = {isa = PBXBuildFile; fileRef = 06401F802B8567710016016A /* HomePageView.swift */; };
		06401F832B8597720016016A /* DestinationSelectionPageView.swift in Sources */ = {isa = PBXBuildFile; fileRef = 06401F822B8597720016016A /* DestinationSelectionPageView.swift */; };
		06401F852B8597A40016016A /* OptionsPageView.swift in Sources */ = {isa = PBXBuildFile; fileRef = 06401F842B8597A30016016A /* OptionsPageView.swift */; };
		06401F872B8597D30016016A /* ConfirmPageView.swift in Sources */ = {isa = PBXBuildFile; fileRef = 06401F862B8597D30016016A /* ConfirmPageView.swift */; };
		06401F892B8597EB0016016A /* OrderPageView.swift in Sources */ = {isa = PBXBuildFile; fileRef = 06401F882B8597EB0016016A /* OrderPageView.swift */; };
		06401F8D2B8599B90016016A /* GoogleAuthentication.swift in Sources */ = {isa = PBXBuildFile; fileRef = 06401F8C2B8599B90016016A /* GoogleAuthentication.swift */; };
		06401F8F2B85A1520016016A /* AppleLoginView.swift in Sources */ = {isa = PBXBuildFile; fileRef = 06401F8E2B85A1520016016A /* AppleLoginView.swift */; };
		06401F962B85AE4C0016016A /* BottomNavigation.swift in Sources */ = {isa = PBXBuildFile; fileRef = 06401F952B85AE4C0016016A /* BottomNavigation.swift */; };
/* End PBXBuildFile section */

/* Begin PBXFileReference section */
		06401F262B855B080016016A /* Frontend.app */ = {isa = PBXFileReference; explicitFileType = wrapper.application; includeInIndex = 0; path = Frontend.app; sourceTree = BUILT_PRODUCTS_DIR; };
		06401F292B855B080016016A /* Promenade.swift */ = {isa = PBXFileReference; lastKnownFileType = sourcecode.swift; path = Promenade.swift; sourceTree = "<group>"; };
		06401F2B2B855B080016016A /* ContentView.swift */ = {isa = PBXFileReference; lastKnownFileType = sourcecode.swift; path = ContentView.swift; sourceTree = "<group>"; };
		06401F2D2B855B090016016A /* Assets.xcassets */ = {isa = PBXFileReference; lastKnownFileType = folder.assetcatalog; path = Assets.xcassets; sourceTree = "<group>"; };
		06401F302B855B090016016A /* Preview Assets.xcassets */ = {isa = PBXFileReference; lastKnownFileType = folder.assetcatalog; path = "Preview Assets.xcassets"; sourceTree = "<group>"; };
		06401F402B855D690016016A /* Info.plist */ = {isa = PBXFileReference; lastKnownFileType = text.plist; path = Info.plist; sourceTree = "<group>"; };
		06401F782B855F900016016A /* GoogleLoginView.swift */ = {isa = PBXFileReference; lastKnownFileType = sourcecode.swift; path = GoogleLoginView.swift; sourceTree = "<group>"; };
		06401F7C2B8561530016016A /* GoogleService-Info.plist */ = {isa = PBXFileReference; fileEncoding = 4; lastKnownFileType = text.plist.xml; path = "GoogleService-Info.plist"; sourceTree = "<group>"; };
		06401F7E2B8565250016016A /* LoginPageView.swift */ = {isa = PBXFileReference; lastKnownFileType = sourcecode.swift; path = LoginPageView.swift; sourceTree = "<group>"; };
		06401F802B8567710016016A /* HomePageView.swift */ = {isa = PBXFileReference; lastKnownFileType = sourcecode.swift; path = HomePageView.swift; sourceTree = "<group>"; };
		06401F822B8597720016016A /* DestinationSelectionPageView.swift */ = {isa = PBXFileReference; lastKnownFileType = sourcecode.swift; path = DestinationSelectionPageView.swift; sourceTree = "<group>"; };
		06401F842B8597A30016016A /* OptionsPageView.swift */ = {isa = PBXFileReference; lastKnownFileType = sourcecode.swift; path = OptionsPageView.swift; sourceTree = "<group>"; };
		06401F862B8597D30016016A /* ConfirmPageView.swift */ = {isa = PBXFileReference; lastKnownFileType = sourcecode.swift; path = ConfirmPageView.swift; sourceTree = "<group>"; };
		06401F882B8597EB0016016A /* OrderPageView.swift */ = {isa = PBXFileReference; lastKnownFileType = sourcecode.swift; path = OrderPageView.swift; sourceTree = "<group>"; };
		06401F8C2B8599B90016016A /* GoogleAuthentication.swift */ = {isa = PBXFileReference; lastKnownFileType = sourcecode.swift; path = GoogleAuthentication.swift; sourceTree = "<group>"; };
		06401F8E2B85A1520016016A /* AppleLoginView.swift */ = {isa = PBXFileReference; lastKnownFileType = sourcecode.swift; path = AppleLoginView.swift; sourceTree = "<group>"; };
		06401F902B85A20C0016016A /* Frontend.entitlements */ = {isa = PBXFileReference; lastKnownFileType = text.plist.entitlements; path = Frontend.entitlements; sourceTree = "<group>"; };
		06401F952B85AE4C0016016A /* BottomNavigation.swift */ = {isa = PBXFileReference; lastKnownFileType = sourcecode.swift; path = BottomNavigation.swift; sourceTree = "<group>"; };
/* End PBXFileReference section */

/* Begin PBXFrameworksBuildPhase section */
		06401F232B855B080016016A /* Frameworks */ = {
			isa = PBXFrameworksBuildPhase;
			buildActionMask = 2147483647;
			files = (
				06401F6D2B855F020016016A /* FirebaseMessaging in Frameworks */,
				06401F3B2B855CE90016016A /* GoogleSignIn in Frameworks */,
				06401F5F2B855F010016016A /* FirebaseFirestoreSwift in Frameworks */,
				06401F492B855F010016016A /* FirebaseAnalyticsWithoutAdIdSupport in Frameworks */,
				06401F612B855F010016016A /* FirebaseFunctions in Frameworks */,
				06401F3D2B855CE90016016A /* GoogleSignInSwift in Frameworks */,
				06401F432B855F010016016A /* FirebaseAnalytics in Frameworks */,
				06401F4F2B855F010016016A /* FirebaseAuth in Frameworks */,
				06401F592B855F010016016A /* FirebaseDynamicLinks in Frameworks */,
				06401F532B855F010016016A /* FirebaseCrashlytics in Frameworks */,
				06401F6B2B855F010016016A /* FirebaseMLModelDownloader in Frameworks */,
				06401F572B855F010016016A /* FirebaseDatabaseSwift in Frameworks */,
				06401F5B2B855F010016016A /* FirebaseFirestore in Frameworks */,
				06401F692B855F010016016A /* FirebaseInstallations in Frameworks */,
				06401F632B855F010016016A /* FirebaseFunctionsCombine-Community in Frameworks */,
				06401F5D2B855F010016016A /* FirebaseFirestoreCombine-Community in Frameworks */,
				06401F552B855F010016016A /* FirebaseDatabase in Frameworks */,
				06401F6F2B855F020016016A /* FirebasePerformance in Frameworks */,
				06401F4B2B855F010016016A /* FirebaseAppCheck in Frameworks */,
				06401F452B855F010016016A /* FirebaseAnalyticsOnDeviceConversion in Frameworks */,
				06401F672B855F010016016A /* FirebaseInAppMessagingSwift-Beta in Frameworks */,
				06401F732B855F020016016A /* FirebaseRemoteConfigSwift in Frameworks */,
				06401F472B855F010016016A /* FirebaseAnalyticsSwift in Frameworks */,
				06401F4D2B855F010016016A /* FirebaseAppDistribution-Beta in Frameworks */,
				06401F712B855F020016016A /* FirebaseRemoteConfig in Frameworks */,
				06401F752B855F020016016A /* FirebaseStorage in Frameworks */,
				06401F512B855F010016016A /* FirebaseAuthCombine-Community in Frameworks */,
				06401F772B855F020016016A /* FirebaseStorageCombine-Community in Frameworks */,
				06401F652B855F010016016A /* FirebaseInAppMessaging-Beta in Frameworks */,
			);
			runOnlyForDeploymentPostprocessing = 0;
		};
/* End PBXFrameworksBuildPhase section */

/* Begin PBXGroup section */
		06401F1D2B855B080016016A = {
			isa = PBXGroup;
			children = (
				06401F282B855B080016016A /* Frontend */,
				06401F272B855B080016016A /* Products */,
			);
			sourceTree = "<group>";
		};
		06401F272B855B080016016A /* Products */ = {
			isa = PBXGroup;
			children = (
				06401F262B855B080016016A /* Frontend.app */,
			);
			name = Products;
			sourceTree = "<group>";
		};
		06401F282B855B080016016A /* Frontend */ = {
			isa = PBXGroup;
			children = (
				06401F942B85AE3C0016016A /* HomePage */,
				06401F902B85A20C0016016A /* Frontend.entitlements */,
				06401F7C2B8561530016016A /* GoogleService-Info.plist */,
				06401F402B855D690016016A /* Info.plist */,
				06401F382B855B350016016A /* Pages */,
				06401F372B855B250016016A /* Auth */,
				06401F292B855B080016016A /* Promenade.swift */,
				06401F2B2B855B080016016A /* ContentView.swift */,
				06401F2D2B855B090016016A /* Assets.xcassets */,
				06401F2F2B855B090016016A /* Preview Content */,
			);
			path = Frontend;
			sourceTree = "<group>";
		};
		06401F2F2B855B090016016A /* Preview Content */ = {
			isa = PBXGroup;
			children = (
				06401F302B855B090016016A /* Preview Assets.xcassets */,
			);
			path = "Preview Content";
			sourceTree = "<group>";
		};
		06401F372B855B250016016A /* Auth */ = {
			isa = PBXGroup;
			children = (
				06401F782B855F900016016A /* GoogleLoginView.swift */,
				06401F8C2B8599B90016016A /* GoogleAuthentication.swift */,
				06401F8E2B85A1520016016A /* AppleLoginView.swift */,
			);
			path = Auth;
			sourceTree = "<group>";
		};
		06401F382B855B350016016A /* Pages */ = {
			isa = PBXGroup;
			children = (
				06401F7E2B8565250016016A /* LoginPageView.swift */,
				06401F802B8567710016016A /* HomePageView.swift */,
				06401F822B8597720016016A /* DestinationSelectionPageView.swift */,
				06401F842B8597A30016016A /* OptionsPageView.swift */,
				06401F862B8597D30016016A /* ConfirmPageView.swift */,
				06401F882B8597EB0016016A /* OrderPageView.swift */,
			);
			path = Pages;
			sourceTree = "<group>";
		};
		06401F942B85AE3C0016016A /* HomePage */ = {
			isa = PBXGroup;
			children = (
				06401F952B85AE4C0016016A /* BottomNavigation.swift */,
			);
			path = HomePage;
			sourceTree = "<group>";
		};
/* End PBXGroup section */

/* Begin PBXNativeTarget section */
		06401F252B855B080016016A /* Frontend */ = {
			isa = PBXNativeTarget;
			buildConfigurationList = 06401F342B855B090016016A /* Build configuration list for PBXNativeTarget "Frontend" */;
			buildPhases = (
				06401F222B855B080016016A /* Sources */,
				06401F232B855B080016016A /* Frameworks */,
				06401F242B855B080016016A /* Resources */,
			);
			buildRules = (
			);
			dependencies = (
			);
			name = Frontend;
			packageProductDependencies = (
				06401F3A2B855CE90016016A /* GoogleSignIn */,
				06401F3C2B855CE90016016A /* GoogleSignInSwift */,
				06401F422B855F010016016A /* FirebaseAnalytics */,
				06401F442B855F010016016A /* FirebaseAnalyticsOnDeviceConversion */,
				06401F462B855F010016016A /* FirebaseAnalyticsSwift */,
				06401F482B855F010016016A /* FirebaseAnalyticsWithoutAdIdSupport */,
				06401F4A2B855F010016016A /* FirebaseAppCheck */,
				06401F4C2B855F010016016A /* FirebaseAppDistribution-Beta */,
				06401F4E2B855F010016016A /* FirebaseAuth */,
				06401F502B855F010016016A /* FirebaseAuthCombine-Community */,
				06401F522B855F010016016A /* FirebaseCrashlytics */,
				06401F542B855F010016016A /* FirebaseDatabase */,
				06401F562B855F010016016A /* FirebaseDatabaseSwift */,
				06401F582B855F010016016A /* FirebaseDynamicLinks */,
				06401F5A2B855F010016016A /* FirebaseFirestore */,
				06401F5C2B855F010016016A /* FirebaseFirestoreCombine-Community */,
				06401F5E2B855F010016016A /* FirebaseFirestoreSwift */,
				06401F602B855F010016016A /* FirebaseFunctions */,
				06401F622B855F010016016A /* FirebaseFunctionsCombine-Community */,
				06401F642B855F010016016A /* FirebaseInAppMessaging-Beta */,
				06401F662B855F010016016A /* FirebaseInAppMessagingSwift-Beta */,
				06401F682B855F010016016A /* FirebaseInstallations */,
				06401F6A2B855F010016016A /* FirebaseMLModelDownloader */,
				06401F6C2B855F020016016A /* FirebaseMessaging */,
				06401F6E2B855F020016016A /* FirebasePerformance */,
				06401F702B855F020016016A /* FirebaseRemoteConfig */,
				06401F722B855F020016016A /* FirebaseRemoteConfigSwift */,
				06401F742B855F020016016A /* FirebaseStorage */,
				06401F762B855F020016016A /* FirebaseStorageCombine-Community */,
			);
			productName = Frontend;
			productReference = 06401F262B855B080016016A /* Frontend.app */;
			productType = "com.apple.product-type.application";
		};
/* End PBXNativeTarget section */

/* Begin PBXProject section */
		06401F1E2B855B080016016A /* Project object */ = {
			isa = PBXProject;
			attributes = {
				BuildIndependentTargetsInParallel = 1;
				LastSwiftUpdateCheck = 1520;
				LastUpgradeCheck = 1520;
				TargetAttributes = {
					06401F252B855B080016016A = {
						CreatedOnToolsVersion = 15.2;
					};
				};
			};
			buildConfigurationList = 06401F212B855B080016016A /* Build configuration list for PBXProject "Frontend" */;
			compatibilityVersion = "Xcode 14.0";
			developmentRegion = en;
			hasScannedForEncodings = 0;
			knownRegions = (
				en,
				Base,
			);
			mainGroup = 06401F1D2B855B080016016A;
			packageReferences = (
				06401F392B855CE90016016A /* XCRemoteSwiftPackageReference "GoogleSignIn-iOS" */,
				06401F412B855F010016016A /* XCRemoteSwiftPackageReference "firebase-ios-sdk" */,
			);
			productRefGroup = 06401F272B855B080016016A /* Products */;
			projectDirPath = "";
			projectRoot = "";
			targets = (
				06401F252B855B080016016A /* Frontend */,
			);
		};
/* End PBXProject section */

/* Begin PBXResourcesBuildPhase section */
		06401F242B855B080016016A /* Resources */ = {
			isa = PBXResourcesBuildPhase;
			buildActionMask = 2147483647;
			files = (
				06401F312B855B090016016A /* Preview Assets.xcassets in Resources */,
				06401F7D2B8561530016016A /* GoogleService-Info.plist in Resources */,
				06401F2E2B855B090016016A /* Assets.xcassets in Resources */,
			);
			runOnlyForDeploymentPostprocessing = 0;
		};
/* End PBXResourcesBuildPhase section */

/* Begin PBXSourcesBuildPhase section */
		06401F222B855B080016016A /* Sources */ = {
			isa = PBXSourcesBuildPhase;
			buildActionMask = 2147483647;
			files = (
				06401F8D2B8599B90016016A /* GoogleAuthentication.swift in Sources */,
				06401F2C2B855B080016016A /* ContentView.swift in Sources */,
				06401F962B85AE4C0016016A /* BottomNavigation.swift in Sources */,
				06401F8F2B85A1520016016A /* AppleLoginView.swift in Sources */,
				06401F892B8597EB0016016A /* OrderPageView.swift in Sources */,
				06401F2A2B855B080016016A /* Promenade.swift in Sources */,
				06401F832B8597720016016A /* DestinationSelectionPageView.swift in Sources */,
				06401F792B855F900016016A /* GoogleLoginView.swift in Sources */,
				06401F7F2B8565250016016A /* LoginPageView.swift in Sources */,
				06401F852B8597A40016016A /* OptionsPageView.swift in Sources */,
				06401F872B8597D30016016A /* ConfirmPageView.swift in Sources */,
				06401F812B8567710016016A /* HomePageView.swift in Sources */,
			);
			runOnlyForDeploymentPostprocessing = 0;
		};
/* End PBXSourcesBuildPhase section */

/* Begin XCBuildConfiguration section */
		06401F322B855B090016016A /* Debug */ = {
			isa = XCBuildConfiguration;
			buildSettings = {
				ALWAYS_SEARCH_USER_PATHS = NO;
				ASSETCATALOG_COMPILER_GENERATE_SWIFT_ASSET_SYMBOL_EXTENSIONS = YES;
				CLANG_ANALYZER_NONNULL = YES;
				CLANG_ANALYZER_NUMBER_OBJECT_CONVERSION = YES_AGGRESSIVE;
				CLANG_CXX_LANGUAGE_STANDARD = "gnu++20";
				CLANG_ENABLE_MODULES = YES;
				CLANG_ENABLE_OBJC_ARC = YES;
				CLANG_ENABLE_OBJC_WEAK = YES;
				CLANG_WARN_BLOCK_CAPTURE_AUTORELEASING = YES;
				CLANG_WARN_BOOL_CONVERSION = YES;
				CLANG_WARN_COMMA = YES;
				CLANG_WARN_CONSTANT_CONVERSION = YES;
				CLANG_WARN_DEPRECATED_OBJC_IMPLEMENTATIONS = YES;
				CLANG_WARN_DIRECT_OBJC_ISA_USAGE = YES_ERROR;
				CLANG_WARN_DOCUMENTATION_COMMENTS = YES;
				CLANG_WARN_EMPTY_BODY = YES;
				CLANG_WARN_ENUM_CONVERSION = YES;
				CLANG_WARN_INFINITE_RECURSION = YES;
				CLANG_WARN_INT_CONVERSION = YES;
				CLANG_WARN_NON_LITERAL_NULL_CONVERSION = YES;
				CLANG_WARN_OBJC_IMPLICIT_RETAIN_SELF = YES;
				CLANG_WARN_OBJC_LITERAL_CONVERSION = YES;
				CLANG_WARN_OBJC_ROOT_CLASS = YES_ERROR;
				CLANG_WARN_QUOTED_INCLUDE_IN_FRAMEWORK_HEADER = YES;
				CLANG_WARN_RANGE_LOOP_ANALYSIS = YES;
				CLANG_WARN_STRICT_PROTOTYPES = YES;
				CLANG_WARN_SUSPICIOUS_MOVE = YES;
				CLANG_WARN_UNGUARDED_AVAILABILITY = YES_AGGRESSIVE;
				CLANG_WARN_UNREACHABLE_CODE = YES;
				CLANG_WARN__DUPLICATE_METHOD_MATCH = YES;
				COPY_PHASE_STRIP = NO;
				DEBUG_INFORMATION_FORMAT = dwarf;
				ENABLE_STRICT_OBJC_MSGSEND = YES;
				ENABLE_TESTABILITY = YES;
				ENABLE_USER_SCRIPT_SANDBOXING = YES;
				GCC_C_LANGUAGE_STANDARD = gnu17;
				GCC_DYNAMIC_NO_PIC = NO;
				GCC_NO_COMMON_BLOCKS = YES;
				GCC_OPTIMIZATION_LEVEL = 0;
				GCC_PREPROCESSOR_DEFINITIONS = (
					"DEBUG=1",
					"$(inherited)",
				);
				GCC_WARN_64_TO_32_BIT_CONVERSION = YES;
				GCC_WARN_ABOUT_RETURN_TYPE = YES_ERROR;
				GCC_WARN_UNDECLARED_SELECTOR = YES;
				GCC_WARN_UNINITIALIZED_AUTOS = YES_AGGRESSIVE;
				GCC_WARN_UNUSED_FUNCTION = YES;
				GCC_WARN_UNUSED_VARIABLE = YES;
				IPHONEOS_DEPLOYMENT_TARGET = 17.2;
				LOCALIZATION_PREFERS_STRING_CATALOGS = YES;
				MTL_ENABLE_DEBUG_INFO = INCLUDE_SOURCE;
				MTL_FAST_MATH = YES;
				ONLY_ACTIVE_ARCH = YES;
				SDKROOT = iphoneos;
				SWIFT_ACTIVE_COMPILATION_CONDITIONS = "DEBUG $(inherited)";
				SWIFT_OPTIMIZATION_LEVEL = "-Onone";
			};
			name = Debug;
		};
		06401F332B855B090016016A /* Release */ = {
			isa = XCBuildConfiguration;
			buildSettings = {
				ALWAYS_SEARCH_USER_PATHS = NO;
				ASSETCATALOG_COMPILER_GENERATE_SWIFT_ASSET_SYMBOL_EXTENSIONS = YES;
				CLANG_ANALYZER_NONNULL = YES;
				CLANG_ANALYZER_NUMBER_OBJECT_CONVERSION = YES_AGGRESSIVE;
				CLANG_CXX_LANGUAGE_STANDARD = "gnu++20";
				CLANG_ENABLE_MODULES = YES;
				CLANG_ENABLE_OBJC_ARC = YES;
				CLANG_ENABLE_OBJC_WEAK = YES;
				CLANG_WARN_BLOCK_CAPTURE_AUTORELEASING = YES;
				CLANG_WARN_BOOL_CONVERSION = YES;
				CLANG_WARN_COMMA = YES;
				CLANG_WARN_CONSTANT_CONVERSION = YES;
				CLANG_WARN_DEPRECATED_OBJC_IMPLEMENTATIONS = YES;
				CLANG_WARN_DIRECT_OBJC_ISA_USAGE = YES_ERROR;
				CLANG_WARN_DOCUMENTATION_COMMENTS = YES;
				CLANG_WARN_EMPTY_BODY = YES;
				CLANG_WARN_ENUM_CONVERSION = YES;
				CLANG_WARN_INFINITE_RECURSION = YES;
				CLANG_WARN_INT_CONVERSION = YES;
				CLANG_WARN_NON_LITERAL_NULL_CONVERSION = YES;
				CLANG_WARN_OBJC_IMPLICIT_RETAIN_SELF = YES;
				CLANG_WARN_OBJC_LITERAL_CONVERSION = YES;
				CLANG_WARN_OBJC_ROOT_CLASS = YES_ERROR;
				CLANG_WARN_QUOTED_INCLUDE_IN_FRAMEWORK_HEADER = YES;
				CLANG_WARN_RANGE_LOOP_ANALYSIS = YES;
				CLANG_WARN_STRICT_PROTOTYPES = YES;
				CLANG_WARN_SUSPICIOUS_MOVE = YES;
				CLANG_WARN_UNGUARDED_AVAILABILITY = YES_AGGRESSIVE;
				CLANG_WARN_UNREACHABLE_CODE = YES;
				CLANG_WARN__DUPLICATE_METHOD_MATCH = YES;
				COPY_PHASE_STRIP = NO;
				DEBUG_INFORMATION_FORMAT = "dwarf-with-dsym";
				ENABLE_NS_ASSERTIONS = NO;
				ENABLE_STRICT_OBJC_MSGSEND = YES;
				ENABLE_USER_SCRIPT_SANDBOXING = YES;
				GCC_C_LANGUAGE_STANDARD = gnu17;
				GCC_NO_COMMON_BLOCKS = YES;
				GCC_WARN_64_TO_32_BIT_CONVERSION = YES;
				GCC_WARN_ABOUT_RETURN_TYPE = YES_ERROR;
				GCC_WARN_UNDECLARED_SELECTOR = YES;
				GCC_WARN_UNINITIALIZED_AUTOS = YES_AGGRESSIVE;
				GCC_WARN_UNUSED_FUNCTION = YES;
				GCC_WARN_UNUSED_VARIABLE = YES;
				IPHONEOS_DEPLOYMENT_TARGET = 17.2;
				LOCALIZATION_PREFERS_STRING_CATALOGS = YES;
				MTL_ENABLE_DEBUG_INFO = NO;
				MTL_FAST_MATH = YES;
				SDKROOT = iphoneos;
				SWIFT_COMPILATION_MODE = wholemodule;
				VALIDATE_PRODUCT = YES;
			};
			name = Release;
		};
		06401F352B855B090016016A /* Debug */ = {
			isa = XCBuildConfiguration;
			buildSettings = {
				ASSETCATALOG_COMPILER_APPICON_NAME = AppIcon;
				ASSETCATALOG_COMPILER_GLOBAL_ACCENT_COLOR_NAME = AccentColor;
				CODE_SIGN_ENTITLEMENTS = Frontend/Frontend.entitlements;
				CODE_SIGN_STYLE = Manual;
				CURRENT_PROJECT_VERSION = 1;
				DEVELOPMENT_ASSET_PATHS = "\"Frontend/Preview Content\"";
				DEVELOPMENT_TEAM = "";
				ENABLE_PREVIEWS = YES;
				GENERATE_INFOPLIST_FILE = YES;
				INFOPLIST_FILE = Frontend/Info.plist;
				INFOPLIST_KEY_UIApplicationSceneManifest_Generation = YES;
				INFOPLIST_KEY_UIApplicationSupportsIndirectInputEvents = YES;
				INFOPLIST_KEY_UILaunchScreen_Generation = YES;
				INFOPLIST_KEY_UISupportedInterfaceOrientations_iPad = "UIInterfaceOrientationPortrait UIInterfaceOrientationPortraitUpsideDown UIInterfaceOrientationLandscapeLeft UIInterfaceOrientationLandscapeRight";
				INFOPLIST_KEY_UISupportedInterfaceOrientations_iPhone = "UIInterfaceOrientationPortrait UIInterfaceOrientationLandscapeLeft UIInterfaceOrientationLandscapeRight";
				LD_RUNPATH_SEARCH_PATHS = (
					"$(inherited)",
					"@executable_path/Frameworks",
				);
				MARKETING_VERSION = 1.0;
				PRODUCT_BUNDLE_IDENTIFIER = tamu.Promenade.Frontend;
				PRODUCT_NAME = "$(TARGET_NAME)";
				PROVISIONING_PROFILE_SPECIFIER = "";
				SWIFT_EMIT_LOC_STRINGS = YES;
				SWIFT_VERSION = 5.0;
				TARGETED_DEVICE_FAMILY = "1,2";
			};
			name = Debug;
		};
		06401F362B855B090016016A /* Release */ = {
			isa = XCBuildConfiguration;
			buildSettings = {
				ASSETCATALOG_COMPILER_APPICON_NAME = AppIcon;
				ASSETCATALOG_COMPILER_GLOBAL_ACCENT_COLOR_NAME = AccentColor;
				CODE_SIGN_ENTITLEMENTS = Frontend/Frontend.entitlements;
				CODE_SIGN_STYLE = Manual;
				CURRENT_PROJECT_VERSION = 1;
				DEVELOPMENT_ASSET_PATHS = "\"Frontend/Preview Content\"";
				DEVELOPMENT_TEAM = "";
				ENABLE_PREVIEWS = YES;
				GENERATE_INFOPLIST_FILE = YES;
				INFOPLIST_FILE = Frontend/Info.plist;
				INFOPLIST_KEY_UIApplicationSceneManifest_Generation = YES;
				INFOPLIST_KEY_UIApplicationSupportsIndirectInputEvents = YES;
				INFOPLIST_KEY_UILaunchScreen_Generation = YES;
				INFOPLIST_KEY_UISupportedInterfaceOrientations_iPad = "UIInterfaceOrientationPortrait UIInterfaceOrientationPortraitUpsideDown UIInterfaceOrientationLandscapeLeft UIInterfaceOrientationLandscapeRight";
				INFOPLIST_KEY_UISupportedInterfaceOrientations_iPhone = "UIInterfaceOrientationPortrait UIInterfaceOrientationLandscapeLeft UIInterfaceOrientationLandscapeRight";
				LD_RUNPATH_SEARCH_PATHS = (
					"$(inherited)",
					"@executable_path/Frameworks",
				);
				MARKETING_VERSION = 1.0;
				PRODUCT_BUNDLE_IDENTIFIER = tamu.Promenade.Frontend;
				PRODUCT_NAME = "$(TARGET_NAME)";
				PROVISIONING_PROFILE_SPECIFIER = "";
				SWIFT_EMIT_LOC_STRINGS = YES;
				SWIFT_VERSION = 5.0;
				TARGETED_DEVICE_FAMILY = "1,2";
			};
			name = Release;
		};
/* End XCBuildConfiguration section */

/* Begin XCConfigurationList section */
		06401F212B855B080016016A /* Build configuration list for PBXProject "Frontend" */ = {
			isa = XCConfigurationList;
			buildConfigurations = (
				06401F322B855B090016016A /* Debug */,
				06401F332B855B090016016A /* Release */,
			);
			defaultConfigurationIsVisible = 0;
			defaultConfigurationName = Release;
		};
		06401F342B855B090016016A /* Build configuration list for PBXNativeTarget "Frontend" */ = {
			isa = XCConfigurationList;
			buildConfigurations = (
				06401F352B855B090016016A /* Debug */,
				06401F362B855B090016016A /* Release */,
			);
			defaultConfigurationIsVisible = 0;
			defaultConfigurationName = Release;
		};
/* End XCConfigurationList section */

/* Begin XCRemoteSwiftPackageReference section */
		06401F392B855CE90016016A /* XCRemoteSwiftPackageReference "GoogleSignIn-iOS" */ = {
			isa = XCRemoteSwiftPackageReference;
			repositoryURL = "https://github.com/google/GoogleSignIn-iOS";
			requirement = {
				kind = upToNextMajorVersion;
				minimumVersion = 7.0.0;
			};
		};
		06401F412B855F010016016A /* XCRemoteSwiftPackageReference "firebase-ios-sdk" */ = {
			isa = XCRemoteSwiftPackageReference;
			repositoryURL = "https://github.com/firebase/firebase-ios-sdk.git";
			requirement = {
				kind = upToNextMajorVersion;
				minimumVersion = 10.21.0;
			};
		};
/* End XCRemoteSwiftPackageReference section */

/* Begin XCSwiftPackageProductDependency section */
		06401F3A2B855CE90016016A /* GoogleSignIn */ = {
			isa = XCSwiftPackageProductDependency;
			package = 06401F392B855CE90016016A /* XCRemoteSwiftPackageReference "GoogleSignIn-iOS" */;
			productName = GoogleSignIn;
		};
		06401F3C2B855CE90016016A /* GoogleSignInSwift */ = {
			isa = XCSwiftPackageProductDependency;
			package = 06401F392B855CE90016016A /* XCRemoteSwiftPackageReference "GoogleSignIn-iOS" */;
			productName = GoogleSignInSwift;
		};
		06401F422B855F010016016A /* FirebaseAnalytics */ = {
			isa = XCSwiftPackageProductDependency;
			package = 06401F412B855F010016016A /* XCRemoteSwiftPackageReference "firebase-ios-sdk" */;
			productName = FirebaseAnalytics;
		};
		06401F442B855F010016016A /* FirebaseAnalyticsOnDeviceConversion */ = {
			isa = XCSwiftPackageProductDependency;
			package = 06401F412B855F010016016A /* XCRemoteSwiftPackageReference "firebase-ios-sdk" */;
			productName = FirebaseAnalyticsOnDeviceConversion;
		};
		06401F462B855F010016016A /* FirebaseAnalyticsSwift */ = {
			isa = XCSwiftPackageProductDependency;
			package = 06401F412B855F010016016A /* XCRemoteSwiftPackageReference "firebase-ios-sdk" */;
			productName = FirebaseAnalyticsSwift;
		};
		06401F482B855F010016016A /* FirebaseAnalyticsWithoutAdIdSupport */ = {
			isa = XCSwiftPackageProductDependency;
			package = 06401F412B855F010016016A /* XCRemoteSwiftPackageReference "firebase-ios-sdk" */;
			productName = FirebaseAnalyticsWithoutAdIdSupport;
		};
		06401F4A2B855F010016016A /* FirebaseAppCheck */ = {
			isa = XCSwiftPackageProductDependency;
			package = 06401F412B855F010016016A /* XCRemoteSwiftPackageReference "firebase-ios-sdk" */;
			productName = FirebaseAppCheck;
		};
		06401F4C2B855F010016016A /* FirebaseAppDistribution-Beta */ = {
			isa = XCSwiftPackageProductDependency;
			package = 06401F412B855F010016016A /* XCRemoteSwiftPackageReference "firebase-ios-sdk" */;
			productName = "FirebaseAppDistribution-Beta";
		};
		06401F4E2B855F010016016A /* FirebaseAuth */ = {
			isa = XCSwiftPackageProductDependency;
			package = 06401F412B855F010016016A /* XCRemoteSwiftPackageReference "firebase-ios-sdk" */;
			productName = FirebaseAuth;
		};
		06401F502B855F010016016A /* FirebaseAuthCombine-Community */ = {
			isa = XCSwiftPackageProductDependency;
			package = 06401F412B855F010016016A /* XCRemoteSwiftPackageReference "firebase-ios-sdk" */;
			productName = "FirebaseAuthCombine-Community";
		};
		06401F522B855F010016016A /* FirebaseCrashlytics */ = {
			isa = XCSwiftPackageProductDependency;
			package = 06401F412B855F010016016A /* XCRemoteSwiftPackageReference "firebase-ios-sdk" */;
			productName = FirebaseCrashlytics;
		};
		06401F542B855F010016016A /* FirebaseDatabase */ = {
			isa = XCSwiftPackageProductDependency;
			package = 06401F412B855F010016016A /* XCRemoteSwiftPackageReference "firebase-ios-sdk" */;
			productName = FirebaseDatabase;
		};
		06401F562B855F010016016A /* FirebaseDatabaseSwift */ = {
			isa = XCSwiftPackageProductDependency;
			package = 06401F412B855F010016016A /* XCRemoteSwiftPackageReference "firebase-ios-sdk" */;
			productName = FirebaseDatabaseSwift;
		};
		06401F582B855F010016016A /* FirebaseDynamicLinks */ = {
			isa = XCSwiftPackageProductDependency;
			package = 06401F412B855F010016016A /* XCRemoteSwiftPackageReference "firebase-ios-sdk" */;
			productName = FirebaseDynamicLinks;
		};
		06401F5A2B855F010016016A /* FirebaseFirestore */ = {
			isa = XCSwiftPackageProductDependency;
			package = 06401F412B855F010016016A /* XCRemoteSwiftPackageReference "firebase-ios-sdk" */;
			productName = FirebaseFirestore;
		};
		06401F5C2B855F010016016A /* FirebaseFirestoreCombine-Community */ = {
			isa = XCSwiftPackageProductDependency;
			package = 06401F412B855F010016016A /* XCRemoteSwiftPackageReference "firebase-ios-sdk" */;
			productName = "FirebaseFirestoreCombine-Community";
		};
		06401F5E2B855F010016016A /* FirebaseFirestoreSwift */ = {
			isa = XCSwiftPackageProductDependency;
			package = 06401F412B855F010016016A /* XCRemoteSwiftPackageReference "firebase-ios-sdk" */;
			productName = FirebaseFirestoreSwift;
		};
		06401F602B855F010016016A /* FirebaseFunctions */ = {
			isa = XCSwiftPackageProductDependency;
			package = 06401F412B855F010016016A /* XCRemoteSwiftPackageReference "firebase-ios-sdk" */;
			productName = FirebaseFunctions;
		};
		06401F622B855F010016016A /* FirebaseFunctionsCombine-Community */ = {
			isa = XCSwiftPackageProductDependency;
			package = 06401F412B855F010016016A /* XCRemoteSwiftPackageReference "firebase-ios-sdk" */;
			productName = "FirebaseFunctionsCombine-Community";
		};
		06401F642B855F010016016A /* FirebaseInAppMessaging-Beta */ = {
			isa = XCSwiftPackageProductDependency;
			package = 06401F412B855F010016016A /* XCRemoteSwiftPackageReference "firebase-ios-sdk" */;
			productName = "FirebaseInAppMessaging-Beta";
		};
		06401F662B855F010016016A /* FirebaseInAppMessagingSwift-Beta */ = {
			isa = XCSwiftPackageProductDependency;
			package = 06401F412B855F010016016A /* XCRemoteSwiftPackageReference "firebase-ios-sdk" */;
			productName = "FirebaseInAppMessagingSwift-Beta";
		};
		06401F682B855F010016016A /* FirebaseInstallations */ = {
			isa = XCSwiftPackageProductDependency;
			package = 06401F412B855F010016016A /* XCRemoteSwiftPackageReference "firebase-ios-sdk" */;
			productName = FirebaseInstallations;
		};
		06401F6A2B855F010016016A /* FirebaseMLModelDownloader */ = {
			isa = XCSwiftPackageProductDependency;
			package = 06401F412B855F010016016A /* XCRemoteSwiftPackageReference "firebase-ios-sdk" */;
			productName = FirebaseMLModelDownloader;
		};
		06401F6C2B855F020016016A /* FirebaseMessaging */ = {
			isa = XCSwiftPackageProductDependency;
			package = 06401F412B855F010016016A /* XCRemoteSwiftPackageReference "firebase-ios-sdk" */;
			productName = FirebaseMessaging;
		};
		06401F6E2B855F020016016A /* FirebasePerformance */ = {
			isa = XCSwiftPackageProductDependency;
			package = 06401F412B855F010016016A /* XCRemoteSwiftPackageReference "firebase-ios-sdk" */;
			productName = FirebasePerformance;
		};
		06401F702B855F020016016A /* FirebaseRemoteConfig */ = {
			isa = XCSwiftPackageProductDependency;
			package = 06401F412B855F010016016A /* XCRemoteSwiftPackageReference "firebase-ios-sdk" */;
			productName = FirebaseRemoteConfig;
		};
		06401F722B855F020016016A /* FirebaseRemoteConfigSwift */ = {
			isa = XCSwiftPackageProductDependency;
			package = 06401F412B855F010016016A /* XCRemoteSwiftPackageReference "firebase-ios-sdk" */;
			productName = FirebaseRemoteConfigSwift;
		};
		06401F742B855F020016016A /* FirebaseStorage */ = {
			isa = XCSwiftPackageProductDependency;
			package = 06401F412B855F010016016A /* XCRemoteSwiftPackageReference "firebase-ios-sdk" */;
			productName = FirebaseStorage;
		};
		06401F762B855F020016016A /* FirebaseStorageCombine-Community */ = {
			isa = XCSwiftPackageProductDependency;
			package = 06401F412B855F010016016A /* XCRemoteSwiftPackageReference "firebase-ios-sdk" */;
			productName = "FirebaseStorageCombine-Community";
		};
/* End XCSwiftPackageProductDependency section */
	};
	rootObject = 06401F1E2B855B080016016A /* Project object */;
}
